{
  "originHash" : "c16002f4fab6526ca4f3bc9cb5e1041e082bf4845e5c508494a4de768d6f98a8",
  "pins" : [
    {
      "identity" : "ios-spm",
      "kind" : "remoteSourceControl",
      "location" : "https://github.com/iProov/ios-spm",
      "state" : {
        "revision" : "b70e94accf13e7bce6a53c77689e4e73ac5db49a",
        "version" : "13.1.0"
      }
    }
  ],
  "version" : 3
}
