{
  "originHash" : "c16002f4fab6526ca4f3bc9cb5e1041e082bf4845e5c508494a4de768d6f98a8",
  "pins" : [
    {
      "identity" : "ios-spm",
      "kind" : "remoteSourceControl",
      "location" : "https://github.com/iProov/ios-spm",
      "state" : {
        "revision" : "de111e7d55dbc76282f78387452116d15d2153a2",
        "version" : "13.1.1"
      }
    }
  ],
  "version" : 3
}
